
Microsoft Visual Studio Solution File, Format Version 12.00
# Visual Studio 2013
VisualStudioVersion = 12.0.30723.0
MinimumVisualStudioVersion = 10.0.40219.1
Project("{FAE04EC0-301F-11D3-BF4B-00C04F79EFBC}") = "ArduinoYum", "ArduinoYum\ArduinoYum.csproj", "{72147D79-139B-450C-B75A-0478F5D19108}"
EndProject
Project("{FAE04EC0-301F-11D3-BF4B-00C04F79EFBC}") = "ArduinoYum.Data", "ArduinoYum.Data\ArduinoYum.Data.csproj", "{D363371D-02A2-4AE6-8080-077CB83AEE18}"
EndProject
Project("{FAE04EC0-301F-11D3-BF4B-00C04F79EFBC}") = "ArduinoYum.Model", "ArduinoYum.Model\ArduinoYum.Model.csproj", "{1E54E68B-BB26-48B2-BC12-418826EF2500}"
EndProject
Global
	GlobalSection(SolutionConfigurationPlatforms) = preSolution
		Debug|Any CPU = Debug|Any CPU
		Release|Any CPU = Release|Any CPU
	EndGlobalSection
	GlobalSection(ProjectConfigurationPlatforms) = postSolution
		{72147D79-139B-450C-B75A-0478F5D19108}.Debug|Any CPU.ActiveCfg = Debug|Any CPU
		{72147D79-139B-450C-B75A-0478F5D19108}.Debug|Any CPU.Build.0 = Debug|Any CPU
		{72147D79-139B-450C-B75A-0478F5D19108}.Release|Any CPU.ActiveCfg = Release|Any CPU
		{72147D79-139B-450C-B75A-0478F5D19108}.Release|Any CPU.Build.0 = Release|Any CPU
		{D363371D-02A2-4AE6-8080-077CB83AEE18}.Debug|Any CPU.ActiveCfg = Debug|Any CPU
		{D363371D-02A2-4AE6-8080-077CB83AEE18}.Debug|Any CPU.Build.0 = Debug|Any CPU
		{D363371D-02A2-4AE6-8080-077CB83AEE18}.Release|Any CPU.ActiveCfg = Release|Any CPU
		{D363371D-02A2-4AE6-8080-077CB83AEE18}.Release|Any CPU.Build.0 = Release|Any CPU
		{1E54E68B-BB26-48B2-BC12-418826EF2500}.Debug|Any CPU.ActiveCfg = Debug|Any CPU
		{1E54E68B-BB26-48B2-BC12-418826EF2500}.Debug|Any CPU.Build.0 = Debug|Any CPU
		{1E54E68B-BB26-48B2-BC12-418826EF2500}.Release|Any CPU.ActiveCfg = Release|Any CPU
		{1E54E68B-BB26-48B2-BC12-418826EF2500}.Release|Any CPU.Build.0 = Release|Any CPU
	EndGlobalSection
	GlobalSection(SolutionProperties) = preSolution
		HideSolutionNode = FALSE
	EndGlobalSection
EndGlobal
